// !$*UTF8*$!
{
	archiveVersion = 1;
	classes = {
	};
	objectVersion = 55;
	objects = {

/* Begin PBXBuildFile section */
		984C6482294956EC00EF11CD /* AppDelegate.swift in Sources */ = {isa = PBXBuildFile; fileRef = 984C6481294956EC00EF11CD /* AppDelegate.swift */; };
		984C6484294956EC00EF11CD /* SceneDelegate.swift in Sources */ = {isa = PBXBuildFile; fileRef = 984C6483294956EC00EF11CD /* SceneDelegate.swift */; };
		984C6486294956EC00EF11CD /* ViewController.swift in Sources */ = {isa = PBXBuildFile; fileRef = 984C6485294956EC00EF11CD /* ViewController.swift */; };
		984C6489294956EC00EF11CD /* Main.storyboard in Resources */ = {isa = PBXBuildFile; fileRef = 984C6487294956EC00EF11CD /* Main.storyboard */; };
		984C648B294956ED00EF11CD /* Assets.xcassets in Resources */ = {isa = PBXBuildFile; fileRef = 984C648A294956ED00EF11CD /* Assets.xcassets */; };
		984C648E294956ED00EF11CD /* LaunchScreen.storyboard in Resources */ = {isa = PBXBuildFile; fileRef = 984C648C294956ED00EF11CD /* LaunchScreen.storyboard */; };
		984C6497294959E900EF11CD /* BMIRecord.swift in Sources */ = {isa = PBXBuildFile; fileRef = 984C6496294959E900EF11CD /* BMIRecord.swift */; };
		984C649C294ADD1C00EF11CD /* PersonalInfo.swift in Sources */ = {isa = PBXBuildFile; fileRef = 984C649B294ADD1C00EF11CD /* PersonalInfo.swift */; };
		98C52C93294B078A00E4DAA6 /* BMITrackingViewController.swift in Sources */ = {isa = PBXBuildFile; fileRef = 98C52C92294B078A00E4DAA6 /* BMITrackingViewController.swift */; };
		98C52C95294B081700E4DAA6 /* BMIHistoryViewCell.swift in Sources */ = {isa = PBXBuildFile; fileRef = 98C52C94294B081700E4DAA6 /* BMIHistoryViewCell.swift */; };
		FDA1B870A6E9994DD001F4FD /* Pods_BMI_Calculator.framework in Frameworks */ = {isa = PBXBuildFile; fileRef = 79B89F6D3A59904E972D6182 /* Pods_BMI_Calculator.framework */; };
/* End PBXBuildFile section */

/* Begin PBXFileReference section */
		4898660D17EAEBA5D9D324AF /* Pods-BMI Calculator.debug.xcconfig */ = {isa = PBXFileReference; includeInIndex = 1; lastKnownFileType = text.xcconfig; name = "Pods-BMI Calculator.debug.xcconfig"; path = "Target Support Files/Pods-BMI Calculator/Pods-BMI Calculator.debug.xcconfig"; sourceTree = "<group>"; };
		79B89F6D3A59904E972D6182 /* Pods_BMI_Calculator.framework */ = {isa = PBXFileReference; explicitFileType = wrapper.framework; includeInIndex = 0; path = Pods_BMI_Calculator.framework; sourceTree = BUILT_PRODUCTS_DIR; };
		984C647E294956EC00EF11CD /* BMI Calculator.app */ = {isa = PBXFileReference; explicitFileType = wrapper.application; includeInIndex = 0; path = "BMI Calculator.app"; sourceTree = BUILT_PRODUCTS_DIR; };
		984C6481294956EC00EF11CD /* AppDelegate.swift */ = {isa = PBXFileReference; lastKnownFileType = sourcecode.swift; path = AppDelegate.swift; sourceTree = "<group>"; };
		984C6483294956EC00EF11CD /* SceneDelegate.swift */ = {isa = PBXFileReference; lastKnownFileType = sourcecode.swift; path = SceneDelegate.swift; sourceTree = "<group>"; };
		984C6485294956EC00EF11CD /* ViewController.swift */ = {isa = PBXFileReference; lastKnownFileType = sourcecode.swift; path = ViewController.swift; sourceTree = "<group>"; };
		984C6488294956EC00EF11CD /* Base */ = {isa = PBXFileReference; lastKnownFileType = file.storyboard; name = Base; path = Base.lproj/Main.storyboard; sourceTree = "<group>"; };
		984C648A294956ED00EF11CD /* Assets.xcassets */ = {isa = PBXFileReference; lastKnownFileType = folder.assetcatalog; path = Assets.xcassets; sourceTree = "<group>"; };
		984C648D294956ED00EF11CD /* Base */ = {isa = PBXFileReference; lastKnownFileType = file.storyboard; name = Base; path = Base.lproj/LaunchScreen.storyboard; sourceTree = "<group>"; };
		984C648F294956ED00EF11CD /* Info.plist */ = {isa = PBXFileReference; lastKnownFileType = text.plist.xml; path = Info.plist; sourceTree = "<group>"; };
		984C6496294959E900EF11CD /* BMIRecord.swift */ = {isa = PBXFileReference; lastKnownFileType = sourcecode.swift; path = BMIRecord.swift; sourceTree = "<group>"; };
		984C649B294ADD1C00EF11CD /* PersonalInfo.swift */ = {isa = PBXFileReference; lastKnownFileType = sourcecode.swift; path = PersonalInfo.swift; sourceTree = "<group>"; };
		98C52C92294B078A00E4DAA6 /* BMITrackingViewController.swift */ = {isa = PBXFileReference; lastKnownFileType = sourcecode.swift; path = BMITrackingViewController.swift; sourceTree = "<group>"; };
		98C52C94294B081700E4DAA6 /* BMIHistoryViewCell.swift */ = {isa = PBXFileReference; lastKnownFileType = sourcecode.swift; path = BMIHistoryViewCell.swift; sourceTree = "<group>"; };
		99BA69B6A6CAF68E494CF209 /* Pods-BMI Calculator.release.xcconfig */ = {isa = PBXFileReference; includeInIndex = 1; lastKnownFileType = text.xcconfig; name = "Pods-BMI Calculator.release.xcconfig"; path = "Target Support Files/Pods-BMI Calculator/Pods-BMI Calculator.release.xcconfig"; sourceTree = "<group>"; };
/* End PBXFileReference section */

/* Begin PBXFrameworksBuildPhase section */
		984C647B294956EC00EF11CD /* Frameworks */ = {
			isa = PBXFrameworksBuildPhase;
			buildActionMask = 2147483647;
			files = (
				FDA1B870A6E9994DD001F4FD /* Pods_BMI_Calculator.framework in Frameworks */,
			);
			runOnlyForDeploymentPostprocessing = 0;
		};
/* End PBXFrameworksBuildPhase section */

/* Begin PBXGroup section */
		65C03283AC9DDAAB0197C8F1 /* Frameworks */ = {
			isa = PBXGroup;
			children = (
				79B89F6D3A59904E972D6182 /* Pods_BMI_Calculator.framework */,
			);
			name = Frameworks;
			sourceTree = "<group>";
		};
		984C6475294956EB00EF11CD = {
			isa = PBXGroup;
			children = (
				984C6480294956EC00EF11CD /* BMI Calculator */,
				984C647F294956EC00EF11CD /* Products */,
				9EC787B909E326066F480D37 /* Pods */,
				65C03283AC9DDAAB0197C8F1 /* Frameworks */,
			);
			sourceTree = "<group>";
		};
		984C647F294956EC00EF11CD /* Products */ = {
			isa = PBXGroup;
			children = (
				984C647E294956EC00EF11CD /* BMI Calculator.app */,
			);
			name = Products;
			sourceTree = "<group>";
		};
		984C6480294956EC00EF11CD /* BMI Calculator */ = {
			isa = PBXGroup;
			children = (
				984C6495294959CC00EF11CD /* models */,
				984C6481294956EC00EF11CD /* AppDelegate.swift */,
				984C6483294956EC00EF11CD /* SceneDelegate.swift */,
				984C6485294956EC00EF11CD /* ViewController.swift */,
				984C6487294956EC00EF11CD /* Main.storyboard */,
				984C648A294956ED00EF11CD /* Assets.xcassets */,
				984C648C294956ED00EF11CD /* LaunchScreen.storyboard */,
				984C648F294956ED00EF11CD /* Info.plist */,
				98C52C92294B078A00E4DAA6 /* BMITrackingViewController.swift */,
				98C52C94294B081700E4DAA6 /* BMIHistoryViewCell.swift */,
			);
			path = "BMI Calculator";
			sourceTree = "<group>";
		};
		984C6495294959CC00EF11CD /* models */ = {
			isa = PBXGroup;
			children = (
				984C6496294959E900EF11CD /* BMIRecord.swift */,
				984C649B294ADD1C00EF11CD /* PersonalInfo.swift */,
			);
			path = models;
			sourceTree = "<group>";
		};
		9EC787B909E326066F480D37 /* Pods */ = {
			isa = PBXGroup;
			children = (
				4898660D17EAEBA5D9D324AF /* Pods-BMI Calculator.debug.xcconfig */,
				99BA69B6A6CAF68E494CF209 /* Pods-BMI Calculator.release.xcconfig */,
			);
			path = Pods;
			sourceTree = "<group>";
		};
/* End PBXGroup section */

/* Begin PBXNativeTarget section */
		984C647D294956EC00EF11CD /* BMI Calculator */ = {
			isa = PBXNativeTarget;
			buildConfigurationList = 984C6492294956ED00EF11CD /* Build configuration list for PBXNativeTarget "BMI Calculator" */;
			buildPhases = (
				51E1F8224AAD7D265A374EEA /* [CP] Check Pods Manifest.lock */,
				984C647A294956EC00EF11CD /* Sources */,
				984C647B294956EC00EF11CD /* Frameworks */,
				984C647C294956EC00EF11CD /* Resources */,
				77F9D13704DF835920AEC597 /* [CP] Embed Pods Frameworks */,
			);
			buildRules = (
			);
			dependencies = (
			);
			name = "BMI Calculator";
			productName = "BMI Calculator";
			productReference = 984C647E294956EC00EF11CD /* BMI Calculator.app */;
			productType = "com.apple.product-type.application";
		};
/* End PBXNativeTarget section */

/* Begin PBXProject section */
		984C6476294956EB00EF11CD /* Project object */ = {
			isa = PBXProject;
			attributes = {
				BuildIndependentTargetsInParallel = 1;
				LastSwiftUpdateCheck = 1400;
				LastUpgradeCheck = 1400;
				TargetAttributes = {
					984C647D294956EC00EF11CD = {
						CreatedOnToolsVersion = 14.0;
					};
				};
			};
			buildConfigurationList = 984C6479294956EB00EF11CD /* Build configuration list for PBXProject "BMI Calculator" */;
			compatibilityVersion = "Xcode 13.0";
			developmentRegion = en;
			hasScannedForEncodings = 0;
			knownRegions = (
				en,
				Base,
			);
			mainGroup = 984C6475294956EB00EF11CD;
			productRefGroup = 984C647F294956EC00EF11CD /* Products */;
			projectDirPath = "";
			projectRoot = "";
			targets = (
				984C647D294956EC00EF11CD /* BMI Calculator */,
			);
		};
/* End PBXProject section */

/* Begin PBXResourcesBuildPhase section */
		984C647C294956EC00EF11CD /* Resources */ = {
			isa = PBXResourcesBuildPhase;
			buildActionMask = 2147483647;
			files = (
				984C648E294956ED00EF11CD /* LaunchScreen.storyboard in Resources */,
				984C648B294956ED00EF11CD /* Assets.xcassets in Resources */,
				984C6489294956EC00EF11CD /* Main.storyboard in Resources */,
			);
			runOnlyForDeploymentPostprocessing = 0;
		};
/* End PBXResourcesBuildPhase section */

/* Begin PBXShellScriptBuildPhase section */
		51E1F8224AAD7D265A374EEA /* [CP] Check Pods Manifest.lock */ = {
			isa = PBXShellScriptBuildPhase;
			buildActionMask = 2147483647;
			files = (
			);
			inputFileListPaths = (
			);
			inputPaths = (
				"${PODS_PODFILE_DIR_PATH}/Podfile.lock",
				"${PODS_ROOT}/Manifest.lock",
			);
			name = "[CP] Check Pods Manifest.lock";
			outputFileListPaths = (
			);
			outputPaths = (
				"$(DERIVED_FILE_DIR)/Pods-BMI Calculator-checkManifestLockResult.txt",
			);
			runOnlyForDeploymentPostprocessing = 0;
			shellPath = /bin/sh;
			shellScript = "diff \"${PODS_PODFILE_DIR_PATH}/Podfile.lock\" \"${PODS_ROOT}/Manifest.lock\" > /dev/null\nif [ $? != 0 ] ; then\n    # print error to STDERR\n    echo \"error: The sandbox is not in sync with the Podfile.lock. Run 'pod install' or update your CocoaPods installation.\" >&2\n    exit 1\nfi\n# This output is used by Xcode 'outputs' to avoid re-running this script phase.\necho \"SUCCESS\" > \"${SCRIPT_OUTPUT_FILE_0}\"\n";
			showEnvVarsInLog = 0;
		};
		77F9D13704DF835920AEC597 /* [CP] Embed Pods Frameworks */ = {
			isa = PBXShellScriptBuildPhase;
			buildActionMask = 2147483647;
			files = (
			);
			inputFileListPaths = (
				"${PODS_ROOT}/Target Support Files/Pods-BMI Calculator/Pods-BMI Calculator-frameworks-${CONFIGURATION}-input-files.xcfilelist",
			);
			name = "[CP] Embed Pods Frameworks";
			outputFileListPaths = (
				"${PODS_ROOT}/Target Support Files/Pods-BMI Calculator/Pods-BMI Calculator-frameworks-${CONFIGURATION}-output-files.xcfilelist",
			);
			runOnlyForDeploymentPostprocessing = 0;
			shellPath = /bin/sh;
			shellScript = "\"${PODS_ROOT}/Target Support Files/Pods-BMI Calculator/Pods-BMI Calculator-frameworks.sh\"\n";
			showEnvVarsInLog = 0;
		};
/* End PBXShellScriptBuildPhase section */

/* Begin PBXSourcesBuildPhase section */
		984C647A294956EC00EF11CD /* Sources */ = {
			isa = PBXSourcesBuildPhase;
			buildActionMask = 2147483647;
			files = (
				984C6486294956EC00EF11CD /* ViewController.swift in Sources */,
				984C6497294959E900EF11CD /* BMIRecord.swift in Sources */,
				984C6482294956EC00EF11CD /* AppDelegate.swift in Sources */,
				984C649C294ADD1C00EF11CD /* PersonalInfo.swift in Sources */,
				98C52C93294B078A00E4DAA6 /* BMITrackingViewController.swift in Sources */,
				98C52C95294B081700E4DAA6 /* BMIHistoryViewCell.swift in Sources */,
				984C6484294956EC00EF11CD /* SceneDelegate.swift in Sources */,
			);
			runOnlyForDeploymentPostprocessing = 0;
		};
/* End PBXSourcesBuildPhase section */

/* Begin PBXVariantGroup section */
		984C6487294956EC00EF11CD /* Main.storyboard */ = {
			isa = PBXVariantGroup;
			children = (
				984C6488294956EC00EF11CD /* Base */,
			);
			name = Main.storyboard;
			sourceTree = "<group>";
		};
		984C648C294956ED00EF11CD /* LaunchScreen.storyboard */ = {
			isa = PBXVariantGroup;
			children = (
				984C648D294956ED00EF11CD /* Base */,
			);
			name = LaunchScreen.storyboard;
			sourceTree = "<group>";
		};
/* End PBXVariantGroup section */

/* Begin XCBuildConfiguration section */
		984C6490294956ED00EF11CD /* Debug */ = {
			isa = XCBuildConfiguration;
			buildSettings = {
				ALWAYS_SEARCH_USER_PATHS = NO;
				CLANG_ANALYZER_NONNULL = YES;
				CLANG_ANALYZER_NUMBER_OBJECT_CONVERSION = YES_AGGRESSIVE;
				CLANG_CXX_LANGUAGE_STANDARD = "gnu++20";
				CLANG_ENABLE_MODULES = YES;
				CLANG_ENABLE_OBJC_ARC = YES;
				CLANG_ENABLE_OBJC_WEAK = YES;
				CLANG_WARN_BLOCK_CAPTURE_AUTORELEASING = YES;
				CLANG_WARN_BOOL_CONVERSION = YES;
				CLANG_WARN_COMMA = YES;
				CLANG_WARN_CONSTANT_CONVERSION = YES;
				CLANG_WARN_DEPRECATED_OBJC_IMPLEMENTATIONS = YES;
				CLANG_WARN_DIRECT_OBJC_ISA_USAGE = YES_ERROR;
				CLANG_WARN_DOCUMENTATION_COMMENTS = YES;
				CLANG_WARN_EMPTY_BODY = YES;
				CLANG_WARN_ENUM_CONVERSION = YES;
				CLANG_WARN_INFINITE_RECURSION = YES;
				CLANG_WARN_INT_CONVERSION = YES;
				CLANG_WARN_NON_LITERAL_NULL_CONVERSION = YES;
				CLANG_WARN_OBJC_IMPLICIT_RETAIN_SELF = YES;
				CLANG_WARN_OBJC_LITERAL_CONVERSION = YES;
				CLANG_WARN_OBJC_ROOT_CLASS = YES_ERROR;
				CLANG_WARN_QUOTED_INCLUDE_IN_FRAMEWORK_HEADER = YES;
				CLANG_WARN_RANGE_LOOP_ANALYSIS = YES;
				CLANG_WARN_STRICT_PROTOTYPES = YES;
				CLANG_WARN_SUSPICIOUS_MOVE = YES;
				CLANG_WARN_UNGUARDED_AVAILABILITY = YES_AGGRESSIVE;
				CLANG_WARN_UNREACHABLE_CODE = YES;
				CLANG_WARN__DUPLICATE_METHOD_MATCH = YES;
				COPY_PHASE_STRIP = NO;
				DEBUG_INFORMATION_FORMAT = dwarf;
				ENABLE_STRICT_OBJC_MSGSEND = YES;
				ENABLE_TESTABILITY = YES;
				GCC_C_LANGUAGE_STANDARD = gnu11;
				GCC_DYNAMIC_NO_PIC = NO;
				GCC_NO_COMMON_BLOCKS = YES;
				GCC_OPTIMIZATION_LEVEL = 0;
				GCC_PREPROCESSOR_DEFINITIONS = (
					"DEBUG=1",
					"$(inherited)",
				);
				GCC_WARN_64_TO_32_BIT_CONVERSION = YES;
				GCC_WARN_ABOUT_RETURN_TYPE = YES_ERROR;
				GCC_WARN_UNDECLARED_SELECTOR = YES;
				GCC_WARN_UNINITIALIZED_AUTOS = YES_AGGRESSIVE;
				GCC_WARN_UNUSED_FUNCTION = YES;
				GCC_WARN_UNUSED_VARIABLE = YES;
				IPHONEOS_DEPLOYMENT_TARGET = 16.0;
				MTL_ENABLE_DEBUG_INFO = INCLUDE_SOURCE;
				MTL_FAST_MATH = YES;
				ONLY_ACTIVE_ARCH = YES;
				SDKROOT = iphoneos;
				SWIFT_ACTIVE_COMPILATION_CONDITIONS = DEBUG;
				SWIFT_OPTIMIZATION_LEVEL = "-Onone";
			};
			name = Debug;
		};
		984C6491294956ED00EF11CD /* Release */ = {
			isa = XCBuildConfiguration;
			buildSettings = {
				ALWAYS_SEARCH_USER_PATHS = NO;
				CLANG_ANALYZER_NONNULL = YES;
				CLANG_ANALYZER_NUMBER_OBJECT_CONVERSION = YES_AGGRESSIVE;
				CLANG_CXX_LANGUAGE_STANDARD = "gnu++20";
				CLANG_ENABLE_MODULES = YES;
				CLANG_ENABLE_OBJC_ARC = YES;
				CLANG_ENABLE_OBJC_WEAK = YES;
				CLANG_WARN_BLOCK_CAPTURE_AUTORELEASING = YES;
				CLANG_WARN_BOOL_CONVERSION = YES;
				CLANG_WARN_COMMA = YES;
				CLANG_WARN_CONSTANT_CONVERSION = YES;
				CLANG_WARN_DEPRECATED_OBJC_IMPLEMENTATIONS = YES;
				CLANG_WARN_DIRECT_OBJC_ISA_USAGE = YES_ERROR;
				CLANG_WARN_DOCUMENTATION_COMMENTS = YES;
				CLANG_WARN_EMPTY_BODY = YES;
				CLANG_WARN_ENUM_CONVERSION = YES;
				CLANG_WARN_INFINITE_RECURSION = YES;
				CLANG_WARN_INT_CONVERSION = YES;
				CLANG_WARN_NON_LITERAL_NULL_CONVERSION = YES;
				CLANG_WARN_OBJC_IMPLICIT_RETAIN_SELF = YES;
				CLANG_WARN_OBJC_LITERAL_CONVERSION = YES;
				CLANG_WARN_OBJC_ROOT_CLASS = YES_ERROR;
				CLANG_WARN_QUOTED_INCLUDE_IN_FRAMEWORK_HEADER = YES;
				CLANG_WARN_RANGE_LOOP_ANALYSIS = YES;
				CLANG_WARN_STRICT_PROTOTYPES = YES;
				CLANG_WARN_SUSPICIOUS_MOVE = YES;
				CLANG_WARN_UNGUARDED_AVAILABILITY = YES_AGGRESSIVE;
				CLANG_WARN_UNREACHABLE_CODE = YES;
				CLANG_WARN__DUPLICATE_METHOD_MATCH = YES;
				COPY_PHASE_STRIP = NO;
				DEBUG_INFORMATION_FORMAT = "dwarf-with-dsym";
				ENABLE_NS_ASSERTIONS = NO;
				ENABLE_STRICT_OBJC_MSGSEND = YES;
				GCC_C_LANGUAGE_STANDARD = gnu11;
				GCC_NO_COMMON_BLOCKS = YES;
				GCC_WARN_64_TO_32_BIT_CONVERSION = YES;
				GCC_WARN_ABOUT_RETURN_TYPE = YES_ERROR;
				GCC_WARN_UNDECLARED_SELECTOR = YES;
				GCC_WARN_UNINITIALIZED_AUTOS = YES_AGGRESSIVE;
				GCC_WARN_UNUSED_FUNCTION = YES;
				GCC_WARN_UNUSED_VARIABLE = YES;
				IPHONEOS_DEPLOYMENT_TARGET = 16.0;
				MTL_ENABLE_DEBUG_INFO = NO;
				MTL_FAST_MATH = YES;
				SDKROOT = iphoneos;
				SWIFT_COMPILATION_MODE = wholemodule;
				SWIFT_OPTIMIZATION_LEVEL = "-O";
				VALIDATE_PRODUCT = YES;
			};
			name = Release;
		};
		984C6493294956ED00EF11CD /* Debug */ = {
			isa = XCBuildConfiguration;
			baseConfigurationReference = 4898660D17EAEBA5D9D324AF /* Pods-BMI Calculator.debug.xcconfig */;
			buildSettings = {
				ASSETCATALOG_COMPILER_APPICON_NAME = AppIcon;
				ASSETCATALOG_COMPILER_GLOBAL_ACCENT_COLOR_NAME = AccentColor;
				CODE_SIGN_STYLE = Automatic;
				CURRENT_PROJECT_VERSION = 1;
				GENERATE_INFOPLIST_FILE = YES;
				INFOPLIST_FILE = "BMI Calculator/Info.plist";
				INFOPLIST_KEY_UIApplicationSupportsIndirectInputEvents = YES;
				INFOPLIST_KEY_UILaunchStoryboardName = LaunchScreen;
				INFOPLIST_KEY_UIMainStoryboardFile = Main;
				INFOPLIST_KEY_UISupportedInterfaceOrientations_iPad = "UIInterfaceOrientationPortrait UIInterfaceOrientationPortraitUpsideDown UIInterfaceOrientationLandscapeLeft UIInterfaceOrientationLandscapeRight";
				INFOPLIST_KEY_UISupportedInterfaceOrientations_iPhone = "UIInterfaceOrientationPortrait UIInterfaceOrientationLandscapeLeft UIInterfaceOrientationLandscapeRight";
				LD_RUNPATH_SEARCH_PATHS = (
					"$(inherited)",
					"@executable_path/Frameworks",
				);
				MARKETING_VERSION = 1.0;
				PRODUCT_BUNDLE_IDENTIFIER = "ca.centenial.bmi.BMI-Calculator";
				PRODUCT_NAME = "$(TARGET_NAME)";
				SWIFT_EMIT_LOC_STRINGS = YES;
				SWIFT_VERSION = 5.0;
				TARGETED_DEVICE_FAMILY = "1,2";
			};
			name = Debug;
		};
		984C6494294956ED00EF11CD /* Release */ = {
			isa = XCBuildConfiguration;
			baseConfigurationReference = 99BA69B6A6CAF68E494CF209 /* Pods-BMI Calculator.release.xcconfig */;
			buildSettings = {
				ASSETCATALOG_COMPILER_APPICON_NAME = AppIcon;
				ASSETCATALOG_COMPILER_GLOBAL_ACCENT_COLOR_NAME = AccentColor;
				CODE_SIGN_STYLE = Automatic;
				CURRENT_PROJECT_VERSION = 1;
				GENERATE_INFOPLIST_FILE = YES;
				INFOPLIST_FILE = "BMI Calculator/Info.plist";
				INFOPLIST_KEY_UIApplicationSupportsIndirectInputEvents = YES;
				INFOPLIST_KEY_UILaunchStoryboardName = LaunchScreen;
				INFOPLIST_KEY_UIMainStoryboardFile = Main;
				INFOPLIST_KEY_UISupportedInterfaceOrientations_iPad = "UIInterfaceOrientationPortrait UIInterfaceOrientationPortraitUpsideDown UIInterfaceOrientationLandscapeLeft UIInterfaceOrientationLandscapeRight";
				INFOPLIST_KEY_UISupportedInterfaceOrientations_iPhone = "UIInterfaceOrientationPortrait UIInterfaceOrientationLandscapeLeft UIInterfaceOrientationLandscapeRight";
				LD_RUNPATH_SEARCH_PATHS = (
					"$(inherited)",
					"@executable_path/Frameworks",
				);
				MARKETING_VERSION = 1.0;
				PRODUCT_BUNDLE_IDENTIFIER = "ca.centenial.bmi.BMI-Calculator";
				PRODUCT_NAME = "$(TARGET_NAME)";
				SWIFT_EMIT_LOC_STRINGS = YES;
				SWIFT_VERSION = 5.0;
				TARGETED_DEVICE_FAMILY = "1,2";
			};
			name = Release;
		};
/* End XCBuildConfiguration section */

/* Begin XCConfigurationList section */
		984C6479294956EB00EF11CD /* Build configuration list for PBXProject "BMI Calculator" */ = {
			isa = XCConfigurationList;
			buildConfigurations = (
				984C6490294956ED00EF11CD /* Debug */,
				984C6491294956ED00EF11CD /* Release */,
			);
			defaultConfigurationIsVisible = 0;
			defaultConfigurationName = Release;
		};
		984C6492294956ED00EF11CD /* Build configuration list for PBXNativeTarget "BMI Calculator" */ = {
			isa = XCConfigurationList;
			buildConfigurations = (
				984C6493294956ED00EF11CD /* Debug */,
				984C6494294956ED00EF11CD /* Release */,
			);
			defaultConfigurationIsVisible = 0;
			defaultConfigurationName = Release;
		};
/* End XCConfigurationList section */
	};
	rootObject = 984C6476294956EB00EF11CD /* Project object */;
}
